// !$*UTF8*$!
{
	archiveVersion = 1;
	classes = {
	};
	objectVersion = 46;
	objects = {

/* Begin PBXBuildFile section */
		9851A7B71E88F74D009C525D /* main.m in Sources */ = {isa = PBXBuildFile; fileRef = 9851A7B61E88F74D009C525D /* main.m */; };
		9851A7BA1E88F74D009C525D /* AppDelegate.m in Sources */ = {isa = PBXBuildFile; fileRef = 9851A7B91E88F74D009C525D /* AppDelegate.m */; };
		9851A7BD1E88F74D009C525D /* ViewController.m in Sources */ = {isa = PBXBuildFile; fileRef = 9851A7BC1E88F74D009C525D /* ViewController.m */; };
		9851A7C01E88F74D009C525D /* Main.storyboard in Resources */ = {isa = PBXBuildFile; fileRef = 9851A7BE1E88F74D009C525D /* Main.storyboard */; };
		9851A7C21E88F74D009C525D /* Assets.xcassets in Resources */ = {isa = PBXBuildFile; fileRef = 9851A7C11E88F74D009C525D /* Assets.xcassets */; };
		9851A7C51E88F74D009C525D /* LaunchScreen.storyboard in Resources */ = {isa = PBXBuildFile; fileRef = 9851A7C31E88F74D009C525D /* LaunchScreen.storyboard */; };
		9851A7D01E88F7DE009C525D /* UIDevice+SPPlatform.m in Sources */ = {isa = PBXBuildFile; fileRef = 9851A7CF1E88F7DE009C525D /* UIDevice+SPPlatform.m */; };
/* End PBXBuildFile section */

/* Begin PBXFileReference section */
		9851A7B21E88F74D009C525D /* SPPlatform.app */ = {isa = PBXFileReference; explicitFileType = wrapper.application; includeInIndex = 0; path = SPPlatform.app; sourceTree = BUILT_PRODUCTS_DIR; };
		9851A7B61E88F74D009C525D /* main.m */ = {isa = PBXFileReference; lastKnownFileType = sourcecode.c.objc; path = main.m; sourceTree = "<group>"; };
		9851A7B81E88F74D009C525D /* AppDelegate.h */ = {isa = PBXFileReference; lastKnownFileType = sourcecode.c.h; path = AppDelegate.h; sourceTree = "<group>"; };
		9851A7B91E88F74D009C525D /* AppDelegate.m */ = {isa = PBXFileReference; lastKnownFileType = sourcecode.c.objc; path = AppDelegate.m; sourceTree = "<group>"; };
		9851A7BB1E88F74D009C525D /* ViewController.h */ = {isa = PBXFileReference; lastKnownFileType = sourcecode.c.h; path = ViewController.h; sourceTree = "<group>"; };
		9851A7BC1E88F74D009C525D /* ViewController.m */ = {isa = PBXFileReference; lastKnownFileType = sourcecode.c.objc; path = ViewController.m; sourceTree = "<group>"; };
		9851A7BF1E88F74D009C525D /* Base */ = {isa = PBXFileReference; lastKnownFileType = file.storyboard; name = Base; path = Base.lproj/Main.storyboard; sourceTree = "<group>"; };
		9851A7C11E88F74D009C525D /* Assets.xcassets */ = {isa = PBXFileReference; lastKnownFileType = folder.assetcatalog; path = Assets.xcassets; sourceTree = "<group>"; };
		9851A7C41E88F74D009C525D /* Base */ = {isa = PBXFileReference; lastKnownFileType = file.storyboard; name = Base; path = Base.lproj/LaunchScreen.storyboard; sourceTree = "<group>"; };
		9851A7C61E88F74D009C525D /* Info.plist */ = {isa = PBXFileReference; lastKnownFileType = text.plist.xml; path = Info.plist; sourceTree = "<group>"; };
		9851A7CE1E88F7DE009C525D /* UIDevice+SPPlatform.h */ = {isa = PBXFileReference; fileEncoding = 4; lastKnownFileType = sourcecode.c.h; path = "UIDevice+SPPlatform.h"; sourceTree = "<group>"; };
		9851A7CF1E88F7DE009C525D /* UIDevice+SPPlatform.m */ = {isa = PBXFileReference; fileEncoding = 4; lastKnownFileType = sourcecode.c.objc; path = "UIDevice+SPPlatform.m"; sourceTree = "<group>"; };
/* End PBXFileReference section */

/* Begin PBXFrameworksBuildPhase section */
		9851A7AF1E88F74D009C525D /* Frameworks */ = {
			isa = PBXFrameworksBuildPhase;
			buildActionMask = 2147483647;
			files = (
			);
			runOnlyForDeploymentPostprocessing = 0;
		};
/* End PBXFrameworksBuildPhase section */

/* Begin PBXGroup section */
		9851A7A91E88F74D009C525D = {
			isa = PBXGroup;
			children = (
				9851A7B41E88F74D009C525D /* SPPlatform */,
				9851A7B31E88F74D009C525D /* Products */,
			);
			sourceTree = "<group>";
		};
		9851A7B31E88F74D009C525D /* Products */ = {
			isa = PBXGroup;
			children = (
				9851A7B21E88F74D009C525D /* SPPlatform.app */,
			);
			name = Products;
			sourceTree = "<group>";
		};
		9851A7B41E88F74D009C525D /* SPPlatform */ = {
			isa = PBXGroup;
			children = (
				9851A7CD1E88F7BF009C525D /* UIDevice+Category */,
				9851A7B81E88F74D009C525D /* AppDelegate.h */,
				9851A7B91E88F74D009C525D /* AppDelegate.m */,
				9851A7BB1E88F74D009C525D /* ViewController.h */,
				9851A7BC1E88F74D009C525D /* ViewController.m */,
				9851A7BE1E88F74D009C525D /* Main.storyboard */,
				9851A7C11E88F74D009C525D /* Assets.xcassets */,
				9851A7C31E88F74D009C525D /* LaunchScreen.storyboard */,
				9851A7C61E88F74D009C525D /* Info.plist */,
				9851A7B51E88F74D009C525D /* Supporting Files */,
			);
			path = SPPlatform;
			sourceTree = "<group>";
		};
		9851A7B51E88F74D009C525D /* Supporting Files */ = {
			isa = PBXGroup;
			children = (
				9851A7B61E88F74D009C525D /* main.m */,
			);
			name = "Supporting Files";
			sourceTree = "<group>";
		};
		9851A7CD1E88F7BF009C525D /* UIDevice+Category */ = {
			isa = PBXGroup;
			children = (
				9851A7CE1E88F7DE009C525D /* UIDevice+SPPlatform.h */,
				9851A7CF1E88F7DE009C525D /* UIDevice+SPPlatform.m */,
			);
			path = "UIDevice+Category";
			sourceTree = "<group>";
		};
/* End PBXGroup section */

/* Begin PBXNativeTarget section */
		9851A7B11E88F74D009C525D /* SPPlatform */ = {
			isa = PBXNativeTarget;
			buildConfigurationList = 9851A7C91E88F74D009C525D /* Build configuration list for PBXNativeTarget "SPPlatform" */;
			buildPhases = (
				9851A7AE1E88F74D009C525D /* Sources */,
				9851A7AF1E88F74D009C525D /* Frameworks */,
				9851A7B01E88F74D009C525D /* Resources */,
			);
			buildRules = (
			);
			dependencies = (
			);
			name = SPPlatform;
			productName = SPPlatform;
			productReference = 9851A7B21E88F74D009C525D /* SPPlatform.app */;
			productType = "com.apple.product-type.application";
		};
/* End PBXNativeTarget section */

/* Begin PBXProject section */
		9851A7AA1E88F74D009C525D /* Project object */ = {
			isa = PBXProject;
			attributes = {
				LastUpgradeCheck = 1200;
				ORGANIZATIONNAME = SotoPoul;
				TargetAttributes = {
					9851A7B11E88F74D009C525D = {
						CreatedOnToolsVersion = 8.2.1;
						DevelopmentTeam = 3KKWRJH66V;
						ProvisioningStyle = Manual;
					};
				};
			};
			buildConfigurationList = 9851A7AD1E88F74D009C525D /* Build configuration list for PBXProject "SPPlatform" */;
			compatibilityVersion = "Xcode 3.2";
			developmentRegion = en;
			hasScannedForEncodings = 0;
			knownRegions = (
				en,
				Base,
			);
			mainGroup = 9851A7A91E88F74D009C525D;
			productRefGroup = 9851A7B31E88F74D009C525D /* Products */;
			projectDirPath = "";
			projectRoot = "";
			targets = (
				9851A7B11E88F74D009C525D /* SPPlatform */,
			);
		};
/* End PBXProject section */

/* Begin PBXResourcesBuildPhase section */
		9851A7B01E88F74D009C525D /* Resources */ = {
			isa = PBXResourcesBuildPhase;
			buildActionMask = 2147483647;
			files = (
				9851A7C51E88F74D009C525D /* LaunchScreen.storyboard in Resources */,
				9851A7C21E88F74D009C525D /* Assets.xcassets in Resources */,
				9851A7C01E88F74D009C525D /* Main.storyboard in Resources */,
			);
			runOnlyForDeploymentPostprocessing = 0;
		};
/* End PBXResourcesBuildPhase section */

/* Begin PBXSourcesBuildPhase section */
		9851A7AE1E88F74D009C525D /* Sources */ = {
			isa = PBXSourcesBuildPhase;
			buildActionMask = 2147483647;
			files = (
				9851A7BD1E88F74D009C525D /* ViewController.m in Sources */,
				9851A7D01E88F7DE009C525D /* UIDevice+SPPlatform.m in Sources */,
				9851A7BA1E88F74D009C525D /* AppDelegate.m in Sources */,
				9851A7B71E88F74D009C525D /* main.m in Sources */,
			);
			runOnlyForDeploymentPostprocessing = 0;
		};
/* End PBXSourcesBuildPhase section */

/* Begin PBXVariantGroup section */
		9851A7BE1E88F74D009C525D /* Main.storyboard */ = {
			isa = PBXVariantGroup;
			children = (
				9851A7BF1E88F74D009C525D /* Base */,
			);
			name = Main.storyboard;
			sourceTree = "<group>";
		};
		9851A7C31E88F74D009C525D /* LaunchScreen.storyboard */ = {
			isa = PBXVariantGroup;
			children = (
				9851A7C41E88F74D009C525D /* Base */,
			);
			name = LaunchScreen.storyboard;
			sourceTree = "<group>";
		};
/* End PBXVariantGroup section */

/* Begin XCBuildConfiguration section */
		9851A7C71E88F74D009C525D /* Debug */ = {
			isa = XCBuildConfiguration;
			buildSettings = {
				ALWAYS_SEARCH_USER_PATHS = NO;
				CLANG_ANALYZER_LOCALIZABILITY_NONLOCALIZED = YES;
				CLANG_ANALYZER_NONNULL = YES;
				CLANG_CXX_LANGUAGE_STANDARD = "gnu++0x";
				CLANG_CXX_LIBRARY = "libc++";
				CLANG_ENABLE_MODULES = YES;
				CLANG_ENABLE_OBJC_ARC = YES;
				CLANG_WARN_BLOCK_CAPTURE_AUTORELEASING = YES;
				CLANG_WARN_BOOL_CONVERSION = YES;
				CLANG_WARN_COMMA = YES;
				CLANG_WARN_CONSTANT_CONVERSION = YES;
				CLANG_WARN_DEPRECATED_OBJC_IMPLEMENTATIONS = YES;
				CLANG_WARN_DIRECT_OBJC_ISA_USAGE = YES_ERROR;
				CLANG_WARN_DOCUMENTATION_COMMENTS = YES;
				CLANG_WARN_EMPTY_BODY = YES;
				CLANG_WARN_ENUM_CONVERSION = YES;
				CLANG_WARN_INFINITE_RECURSION = YES;
				CLANG_WARN_INT_CONVERSION = YES;
				CLANG_WARN_NON_LITERAL_NULL_CONVERSION = YES;
				CLANG_WARN_OBJC_IMPLICIT_RETAIN_SELF = YES;
				CLANG_WARN_OBJC_LITERAL_CONVERSION = YES;
				CLANG_WARN_OBJC_ROOT_CLASS = YES_ERROR;
				CLANG_WARN_QUOTED_INCLUDE_IN_FRAMEWORK_HEADER = YES;
				CLANG_WARN_RANGE_LOOP_ANALYSIS = YES;
				CLANG_WARN_STRICT_PROTOTYPES = YES;
				CLANG_WARN_SUSPICIOUS_MOVE = YES;
				CLANG_WARN_UNREACHABLE_CODE = YES;
				CLANG_WARN__DUPLICATE_METHOD_MATCH = YES;
				"CODE_SIGN_IDENTITY[sdk=iphoneos*]" = "iPhone Developer";
				COPY_PHASE_STRIP = NO;
				DEBUG_INFORMATION_FORMAT = dwarf;
				ENABLE_STRICT_OBJC_MSGSEND = YES;
				ENABLE_TESTABILITY = YES;
				GCC_C_LANGUAGE_STANDARD = gnu99;
				GCC_DYNAMIC_NO_PIC = NO;
				GCC_NO_COMMON_BLOCKS = YES;
				GCC_OPTIMIZATION_LEVEL = 0;
				GCC_PREPROCESSOR_DEFINITIONS = (
					"DEBUG=1",
					"$(inherited)",
				);
				GCC_WARN_64_TO_32_BIT_CONVERSION = YES;
				GCC_WARN_ABOUT_RETURN_TYPE = YES_ERROR;
				GCC_WARN_UNDECLARED_SELECTOR = YES;
				GCC_WARN_UNINITIALIZED_AUTOS = YES_AGGRESSIVE;
				GCC_WARN_UNUSED_FUNCTION = YES;
				GCC_WARN_UNUSED_VARIABLE = YES;
				IPHONEOS_DEPLOYMENT_TARGET = 9.0;
				MTL_ENABLE_DEBUG_INFO = YES;
				ONLY_ACTIVE_ARCH = YES;
				SDKROOT = iphoneos;
				TARGETED_DEVICE_FAMILY = "1,2";
			};
			name = Debug;
		};
		9851A7C81E88F74D009C525D /* Release */ = {
			isa = XCBuildConfiguration;
			buildSettings = {
				ALWAYS_SEARCH_USER_PATHS = NO;
				CLANG_ANALYZER_LOCALIZABILITY_NONLOCALIZED = YES;
				CLANG_ANALYZER_NONNULL = YES;
				CLANG_CXX_LANGUAGE_STANDARD = "gnu++0x";
				CLANG_CXX_LIBRARY = "libc++";
				CLANG_ENABLE_MODULES = YES;
				CLANG_ENABLE_OBJC_ARC = YES;
				CLANG_WARN_BLOCK_CAPTURE_AUTORELEASING = YES;
				CLANG_WARN_BOOL_CONVERSION = YES;
				CLANG_WARN_COMMA = YES;
				CLANG_WARN_CONSTANT_CONVERSION = YES;
				CLANG_WARN_DEPRECATED_OBJC_IMPLEMENTATIONS = YES;
				CLANG_WARN_DIRECT_OBJC_ISA_USAGE = YES_ERROR;
				CLANG_WARN_DOCUMENTATION_COMMENTS = YES;
				CLANG_WARN_EMPTY_BODY = YES;
				CLANG_WARN_ENUM_CONVERSION = YES;
				CLANG_WARN_INFINITE_RECURSION = YES;
				CLANG_WARN_INT_CONVERSION = YES;
				CLANG_WARN_NON_LITERAL_NULL_CONVERSION = YES;
				CLANG_WARN_OBJC_IMPLICIT_RETAIN_SELF = YES;
				CLANG_WARN_OBJC_LITERAL_CONVERSION = YES;
				CLANG_WARN_OBJC_ROOT_CLASS = YES_ERROR;
				CLANG_WARN_QUOTED_INCLUDE_IN_FRAMEWORK_HEADER = YES;
				CLANG_WARN_RANGE_LOOP_ANALYSIS = YES;
				CLANG_WARN_STRICT_PROTOTYPES = YES;
				CLANG_WARN_SUSPICIOUS_MOVE = YES;
				CLANG_WARN_UNREACHABLE_CODE = YES;
				CLANG_WARN__DUPLICATE_METHOD_MATCH = YES;
				"CODE_SIGN_IDENTITY[sdk=iphoneos*]" = "iPhone Developer";
				COPY_PHASE_STRIP = NO;
				DEBUG_INFORMATION_FORMAT = "dwarf-with-dsym";
				ENABLE_NS_ASSERTIONS = NO;
				ENABLE_STRICT_OBJC_MSGSEND = YES;
				GCC_C_LANGUAGE_STANDARD = gnu99;
				GCC_NO_COMMON_BLOCKS = YES;
				GCC_WARN_64_TO_32_BIT_CONVERSION = YES;
				GCC_WARN_ABOUT_RETURN_TYPE = YES_ERROR;
				GCC_WARN_UNDECLARED_SELECTOR = YES;
				GCC_WARN_UNINITIALIZED_AUTOS = YES_AGGRESSIVE;
				GCC_WARN_UNUSED_FUNCTION = YES;
				GCC_WARN_UNUSED_VARIABLE = YES;
				IPHONEOS_DEPLOYMENT_TARGET = 9.0;
				MTL_ENABLE_DEBUG_INFO = NO;
				SDKROOT = iphoneos;
				TARGETED_DEVICE_FAMILY = "1,2";
				VALIDATE_PRODUCT = YES;
			};
			name = Release;
		};
		9851A7CA1E88F74D009C525D /* Debug */ = {
			isa = XCBuildConfiguration;
			buildSettings = {
				ASSETCATALOG_COMPILER_APPICON_NAME = AppIcon;
				CODE_SIGN_STYLE = Manual;
				CURRENT_PROJECT_VERSION = 1;
				DEVELOPMENT_TEAM = 3KKWRJH66V;
				INFOPLIST_FILE = SPPlatform/Info.plist;
				IPHONEOS_DEPLOYMENT_TARGET = 9.0;
				LD_RUNPATH_SEARCH_PATHS = "$(inherited) @executable_path/Frameworks";
				MARKETING_VERSION = 1.0;
				PRODUCT_BUNDLE_IDENTIFIER = com.soto.SPPlatformOC;
				PRODUCT_NAME = "$(TARGET_NAME)";
				PROVISIONING_PROFILE_SPECIFIER = wild_dev;
			};
			name = Debug;
		};
		9851A7CB1E88F74D009C525D /* Release */ = {
			isa = XCBuildConfiguration;
			buildSettings = {
				ASSETCATALOG_COMPILER_APPICON_NAME = AppIcon;
				CODE_SIGN_STYLE = Manual;
				CURRENT_PROJECT_VERSION = 1;
				DEVELOPMENT_TEAM = 3KKWRJH66V;
				INFOPLIST_FILE = SPPlatform/Info.plist;
				IPHONEOS_DEPLOYMENT_TARGET = 9.0;
				LD_RUNPATH_SEARCH_PATHS = "$(inherited) @executable_path/Frameworks";
				MARKETING_VERSION = 1.0;
				PRODUCT_BUNDLE_IDENTIFIER = com.soto.SPPlatformOC;
				PRODUCT_NAME = "$(TARGET_NAME)";
				PROVISIONING_PROFILE_SPECIFIER = wild_dev;
			};
			name = Release;
		};
/* End XCBuildConfiguration section */

/* Begin XCConfigurationList section */
		9851A7AD1E88F74D009C525D /* Build configuration list for PBXProject "SPPlatform" */ = {
			isa = XCConfigurationList;
			buildConfigurations = (
				9851A7C71E88F74D009C525D /* Debug */,
				9851A7C81E88F74D009C525D /* Release */,
			);
			defaultConfigurationIsVisible = 0;
			defaultConfigurationName = Release;
		};
		9851A7C91E88F74D009C525D /* Build configuration list for PBXNativeTarget "SPPlatform" */ = {
			isa = XCConfigurationList;
			buildConfigurations = (
				9851A7CA1E88F74D009C525D /* Debug */,
				9851A7CB1E88F74D009C525D /* Release */,
			);
			defaultConfigurationIsVisible = 0;
			defaultConfigurationName = Release;
		};
/* End XCConfigurationList section */
	};
	rootObject = 9851A7AA1E88F74D009C525D /* Project object */;
}
