// !$*UTF8*$!
{
	archiveVersion = 1;
	classes = {
	};
	objectVersion = 46;
	objects = {

/* Begin PBXBuildFile section */
		984A80E21E89020D001AA76C /* AppDelegate.swift in Sources */ = {isa = PBXBuildFile; fileRef = 984A80E11E89020D001AA76C /* AppDelegate.swift */; };
		984A80E41E89020D001AA76C /* ViewController.swift in Sources */ = {isa = PBXBuildFile; fileRef = 984A80E31E89020D001AA76C /* ViewController.swift */; };
		984A80E71E89020D001AA76C /* Main.storyboard in Resources */ = {isa = PBXBuildFile; fileRef = 984A80E51E89020D001AA76C /* Main.storyboard */; };
		984A80E91E89020D001AA76C /* Assets.xcassets in Resources */ = {isa = PBXBuildFile; fileRef = 984A80E81E89020D001AA76C /* Assets.xcassets */; };
		984A80EC1E89020D001AA76C /* LaunchScreen.storyboard in Resources */ = {isa = PBXBuildFile; fileRef = 984A80EA1E89020D001AA76C /* LaunchScreen.storyboard */; };
		984A80F41E890996001AA76C /* SPDevicePlatform.swift in Sources */ = {isa = PBXBuildFile; fileRef = 984A80F31E890996001AA76C /* SPDevicePlatform.swift */; };
/* End PBXBuildFile section */

/* Begin PBXFileReference section */
		984A80DE1E89020D001AA76C /* SPPlatform.app */ = {isa = PBXFileReference; explicitFileType = wrapper.application; includeInIndex = 0; path = SPPlatform.app; sourceTree = BUILT_PRODUCTS_DIR; };
		984A80E11E89020D001AA76C /* AppDelegate.swift */ = {isa = PBXFileReference; lastKnownFileType = sourcecode.swift; path = AppDelegate.swift; sourceTree = "<group>"; };
		984A80E31E89020D001AA76C /* ViewController.swift */ = {isa = PBXFileReference; lastKnownFileType = sourcecode.swift; path = ViewController.swift; sourceTree = "<group>"; };
		984A80E61E89020D001AA76C /* Base */ = {isa = PBXFileReference; lastKnownFileType = file.storyboard; name = Base; path = Base.lproj/Main.storyboard; sourceTree = "<group>"; };
		984A80E81E89020D001AA76C /* Assets.xcassets */ = {isa = PBXFileReference; lastKnownFileType = folder.assetcatalog; path = Assets.xcassets; sourceTree = "<group>"; };
		984A80EB1E89020D001AA76C /* Base */ = {isa = PBXFileReference; lastKnownFileType = file.storyboard; name = Base; path = Base.lproj/LaunchScreen.storyboard; sourceTree = "<group>"; };
		984A80ED1E89020D001AA76C /* Info.plist */ = {isa = PBXFileReference; lastKnownFileType = text.plist.xml; path = Info.plist; sourceTree = "<group>"; };
		984A80F31E890996001AA76C /* SPDevicePlatform.swift */ = {isa = PBXFileReference; fileEncoding = 4; lastKnownFileType = sourcecode.swift; path = SPDevicePlatform.swift; sourceTree = "<group>"; };
/* End PBXFileReference section */

/* Begin PBXFrameworksBuildPhase section */
		984A80DB1E89020D001AA76C /* Frameworks */ = {
			isa = PBXFrameworksBuildPhase;
			buildActionMask = 2147483647;
			files = (
			);
			runOnlyForDeploymentPostprocessing = 0;
		};
/* End PBXFrameworksBuildPhase section */

/* Begin PBXGroup section */
		984A80D51E89020D001AA76C = {
			isa = PBXGroup;
			children = (
				984A80E01E89020D001AA76C /* SPPlatform */,
				984A80DF1E89020D001AA76C /* Products */,
			);
			sourceTree = "<group>";
		};
		984A80DF1E89020D001AA76C /* Products */ = {
			isa = PBXGroup;
			children = (
				984A80DE1E89020D001AA76C /* SPPlatform.app */,
			);
			name = Products;
			sourceTree = "<group>";
		};
		984A80E01E89020D001AA76C /* SPPlatform */ = {
			isa = PBXGroup;
			children = (
				984A80F31E890996001AA76C /* SPDevicePlatform.swift */,
				984A80E11E89020D001AA76C /* AppDelegate.swift */,
				984A80E31E89020D001AA76C /* ViewController.swift */,
				984A80E51E89020D001AA76C /* Main.storyboard */,
				984A80E81E89020D001AA76C /* Assets.xcassets */,
				984A80EA1E89020D001AA76C /* LaunchScreen.storyboard */,
				984A80ED1E89020D001AA76C /* Info.plist */,
			);
			path = SPPlatform;
			sourceTree = "<group>";
		};
/* End PBXGroup section */

/* Begin PBXNativeTarget section */
		984A80DD1E89020D001AA76C /* SPPlatform */ = {
			isa = PBXNativeTarget;
			buildConfigurationList = 984A80F01E89020D001AA76C /* Build configuration list for PBXNativeTarget "SPPlatform" */;
			buildPhases = (
				984A80DA1E89020D001AA76C /* Sources */,
				984A80DB1E89020D001AA76C /* Frameworks */,
				984A80DC1E89020D001AA76C /* Resources */,
			);
			buildRules = (
			);
			dependencies = (
			);
			name = SPPlatform;
			productName = SPPlatform;
			productReference = 984A80DE1E89020D001AA76C /* SPPlatform.app */;
			productType = "com.apple.product-type.application";
		};
/* End PBXNativeTarget section */

/* Begin PBXProject section */
		984A80D61E89020D001AA76C /* Project object */ = {
			isa = PBXProject;
			attributes = {
				LastSwiftUpdateCheck = 0820;
				LastUpgradeCheck = 1000;
				ORGANIZATIONNAME = SotoPoul;
				TargetAttributes = {
					984A80DD1E89020D001AA76C = {
						CreatedOnToolsVersion = 8.2.1;
						DevelopmentTeam = BU8D4HU3XU;
						LastSwiftMigration = 1000;
						ProvisioningStyle = Manual;
					};
				};
			};
			buildConfigurationList = 984A80D91E89020D001AA76C /* Build configuration list for PBXProject "SPPlatform" */;
			compatibilityVersion = "Xcode 3.2";
			developmentRegion = English;
			hasScannedForEncodings = 0;
			knownRegions = (
				en,
				Base,
			);
			mainGroup = 984A80D51E89020D001AA76C;
			productRefGroup = 984A80DF1E89020D001AA76C /* Products */;
			projectDirPath = "";
			projectRoot = "";
			targets = (
				984A80DD1E89020D001AA76C /* SPPlatform */,
			);
		};
/* End PBXProject section */

/* Begin PBXResourcesBuildPhase section */
		984A80DC1E89020D001AA76C /* Resources */ = {
			isa = PBXResourcesBuildPhase;
			buildActionMask = 2147483647;
			files = (
				984A80EC1E89020D001AA76C /* LaunchScreen.storyboard in Resources */,
				984A80E91E89020D001AA76C /* Assets.xcassets in Resources */,
				984A80E71E89020D001AA76C /* Main.storyboard in Resources */,
			);
			runOnlyForDeploymentPostprocessing = 0;
		};
/* End PBXResourcesBuildPhase section */

/* Begin PBXSourcesBuildPhase section */
		984A80DA1E89020D001AA76C /* Sources */ = {
			isa = PBXSourcesBuildPhase;
			buildActionMask = 2147483647;
			files = (
				984A80F41E890996001AA76C /* SPDevicePlatform.swift in Sources */,
				984A80E41E89020D001AA76C /* ViewController.swift in Sources */,
				984A80E21E89020D001AA76C /* AppDelegate.swift in Sources */,
			);
			runOnlyForDeploymentPostprocessing = 0;
		};
/* End PBXSourcesBuildPhase section */

/* Begin PBXVariantGroup section */
		984A80E51E89020D001AA76C /* Main.storyboard */ = {
			isa = PBXVariantGroup;
			children = (
				984A80E61E89020D001AA76C /* Base */,
			);
			name = Main.storyboard;
			sourceTree = "<group>";
		};
		984A80EA1E89020D001AA76C /* LaunchScreen.storyboard */ = {
			isa = PBXVariantGroup;
			children = (
				984A80EB1E89020D001AA76C /* Base */,
			);
			name = LaunchScreen.storyboard;
			sourceTree = "<group>";
		};
/* End PBXVariantGroup section */

/* Begin XCBuildConfiguration section */
		984A80EE1E89020D001AA76C /* Debug */ = {
			isa = XCBuildConfiguration;
			buildSettings = {
				ALWAYS_SEARCH_USER_PATHS = NO;
				CLANG_ANALYZER_NONNULL = YES;
				CLANG_CXX_LANGUAGE_STANDARD = "gnu++0x";
				CLANG_CXX_LIBRARY = "libc++";
				CLANG_ENABLE_MODULES = YES;
				CLANG_ENABLE_OBJC_ARC = YES;
				CLANG_WARN_BLOCK_CAPTURE_AUTORELEASING = YES;
				CLANG_WARN_BOOL_CONVERSION = YES;
				CLANG_WARN_COMMA = YES;
				CLANG_WARN_CONSTANT_CONVERSION = YES;
				CLANG_WARN_DEPRECATED_OBJC_IMPLEMENTATIONS = YES;
				CLANG_WARN_DIRECT_OBJC_ISA_USAGE = YES_ERROR;
				CLANG_WARN_DOCUMENTATION_COMMENTS = YES;
				CLANG_WARN_EMPTY_BODY = YES;
				CLANG_WARN_ENUM_CONVERSION = YES;
				CLANG_WARN_INFINITE_RECURSION = YES;
				CLANG_WARN_INT_CONVERSION = YES;
				CLANG_WARN_NON_LITERAL_NULL_CONVERSION = YES;
				CLANG_WARN_OBJC_IMPLICIT_RETAIN_SELF = YES;
				CLANG_WARN_OBJC_LITERAL_CONVERSION = YES;
				CLANG_WARN_OBJC_ROOT_CLASS = YES_ERROR;
				CLANG_WARN_RANGE_LOOP_ANALYSIS = YES;
				CLANG_WARN_STRICT_PROTOTYPES = YES;
				CLANG_WARN_SUSPICIOUS_MOVE = YES;
				CLANG_WARN_UNREACHABLE_CODE = YES;
				CLANG_WARN__DUPLICATE_METHOD_MATCH = YES;
				"CODE_SIGN_IDENTITY[sdk=iphoneos*]" = "iPhone Developer";
				COPY_PHASE_STRIP = NO;
				DEBUG_INFORMATION_FORMAT = dwarf;
				ENABLE_STRICT_OBJC_MSGSEND = YES;
				ENABLE_TESTABILITY = YES;
				GCC_C_LANGUAGE_STANDARD = gnu99;
				GCC_DYNAMIC_NO_PIC = NO;
				GCC_NO_COMMON_BLOCKS = YES;
				GCC_OPTIMIZATION_LEVEL = 0;
				GCC_PREPROCESSOR_DEFINITIONS = (
					"DEBUG=1",
					"$(inherited)",
				);
				GCC_WARN_64_TO_32_BIT_CONVERSION = YES;
				GCC_WARN_ABOUT_RETURN_TYPE = YES_ERROR;
				GCC_WARN_UNDECLARED_SELECTOR = YES;
				GCC_WARN_UNINITIALIZED_AUTOS = YES_AGGRESSIVE;
				GCC_WARN_UNUSED_FUNCTION = YES;
				GCC_WARN_UNUSED_VARIABLE = YES;
				IPHONEOS_DEPLOYMENT_TARGET = 10.2;
				MTL_ENABLE_DEBUG_INFO = YES;
				ONLY_ACTIVE_ARCH = YES;
				SDKROOT = iphoneos;
				SWIFT_ACTIVE_COMPILATION_CONDITIONS = DEBUG;
				SWIFT_OPTIMIZATION_LEVEL = "-Onone";
				TARGETED_DEVICE_FAMILY = "1,2";
			};
			name = Debug;
		};
		984A80EF1E89020D001AA76C /* Release */ = {
			isa = XCBuildConfiguration;
			buildSettings = {
				ALWAYS_SEARCH_USER_PATHS = NO;
				CLANG_ANALYZER_NONNULL = YES;
				CLANG_CXX_LANGUAGE_STANDARD = "gnu++0x";
				CLANG_CXX_LIBRARY = "libc++";
				CLANG_ENABLE_MODULES = YES;
				CLANG_ENABLE_OBJC_ARC = YES;
				CLANG_WARN_BLOCK_CAPTURE_AUTORELEASING = YES;
				CLANG_WARN_BOOL_CONVERSION = YES;
				CLANG_WARN_COMMA = YES;
				CLANG_WARN_CONSTANT_CONVERSION = YES;
				CLANG_WARN_DEPRECATED_OBJC_IMPLEMENTATIONS = YES;
				CLANG_WARN_DIRECT_OBJC_ISA_USAGE = YES_ERROR;
				CLANG_WARN_DOCUMENTATION_COMMENTS = YES;
				CLANG_WARN_EMPTY_BODY = YES;
				CLANG_WARN_ENUM_CONVERSION = YES;
				CLANG_WARN_INFINITE_RECURSION = YES;
				CLANG_WARN_INT_CONVERSION = YES;
				CLANG_WARN_NON_LITERAL_NULL_CONVERSION = YES;
				CLANG_WARN_OBJC_IMPLICIT_RETAIN_SELF = YES;
				CLANG_WARN_OBJC_LITERAL_CONVERSION = YES;
				CLANG_WARN_OBJC_ROOT_CLASS = YES_ERROR;
				CLANG_WARN_RANGE_LOOP_ANALYSIS = YES;
				CLANG_WARN_STRICT_PROTOTYPES = YES;
				CLANG_WARN_SUSPICIOUS_MOVE = YES;
				CLANG_WARN_UNREACHABLE_CODE = YES;
				CLANG_WARN__DUPLICATE_METHOD_MATCH = YES;
				"CODE_SIGN_IDENTITY[sdk=iphoneos*]" = "iPhone Developer";
				COPY_PHASE_STRIP = NO;
				DEBUG_INFORMATION_FORMAT = "dwarf-with-dsym";
				ENABLE_NS_ASSERTIONS = NO;
				ENABLE_STRICT_OBJC_MSGSEND = YES;
				GCC_C_LANGUAGE_STANDARD = gnu99;
				GCC_NO_COMMON_BLOCKS = YES;
				GCC_WARN_64_TO_32_BIT_CONVERSION = YES;
				GCC_WARN_ABOUT_RETURN_TYPE = YES_ERROR;
				GCC_WARN_UNDECLARED_SELECTOR = YES;
				GCC_WARN_UNINITIALIZED_AUTOS = YES_AGGRESSIVE;
				GCC_WARN_UNUSED_FUNCTION = YES;
				GCC_WARN_UNUSED_VARIABLE = YES;
				IPHONEOS_DEPLOYMENT_TARGET = 10.2;
				MTL_ENABLE_DEBUG_INFO = NO;
				SDKROOT = iphoneos;
				SWIFT_OPTIMIZATION_LEVEL = "-Owholemodule";
				TARGETED_DEVICE_FAMILY = "1,2";
				VALIDATE_PRODUCT = YES;
			};
			name = Release;
		};
		984A80F11E89020D001AA76C /* Debug */ = {
			isa = XCBuildConfiguration;
			buildSettings = {
				ASSETCATALOG_COMPILER_APPICON_NAME = AppIcon;
				CODE_SIGN_STYLE = Manual;
				DEVELOPMENT_TEAM = BU8D4HU3XU;
				INFOPLIST_FILE = SPPlatform/Info.plist;
				LD_RUNPATH_SEARCH_PATHS = "$(inherited) @executable_path/Frameworks";
				PRODUCT_BUNDLE_IDENTIFIER = com.soto.SPPlatformSwfit;
				PRODUCT_NAME = "$(TARGET_NAME)";
				PROVISIONING_PROFILE_SPECIFIER = sagger_wild;
				SWIFT_SWIFT3_OBJC_INFERENCE = Default;
				SWIFT_VERSION = 4.2;
			};
			name = Debug;
		};
		984A80F21E89020D001AA76C /* Release */ = {
			isa = XCBuildConfiguration;
			buildSettings = {
				ASSETCATALOG_COMPILER_APPICON_NAME = AppIcon;
				CODE_SIGN_STYLE = Manual;
				DEVELOPMENT_TEAM = BU8D4HU3XU;
				INFOPLIST_FILE = SPPlatform/Info.plist;
				LD_RUNPATH_SEARCH_PATHS = "$(inherited) @executable_path/Frameworks";
				PRODUCT_BUNDLE_IDENTIFIER = com.soto.SPPlatformSwfit;
				PRODUCT_NAME = "$(TARGET_NAME)";
				PROVISIONING_PROFILE_SPECIFIER = sagger_wild;
				SWIFT_SWIFT3_OBJC_INFERENCE = Default;
				SWIFT_VERSION = 4.2;
			};
			name = Release;
		};
/* End XCBuildConfiguration section */

/* Begin XCConfigurationList section */
		984A80D91E89020D001AA76C /* Build configuration list for PBXProject "SPPlatform" */ = {
			isa = XCConfigurationList;
			buildConfigurations = (
				984A80EE1E89020D001AA76C /* Debug */,
				984A80EF1E89020D001AA76C /* Release */,
			);
			defaultConfigurationIsVisible = 0;
			defaultConfigurationName = Release;
		};
		984A80F01E89020D001AA76C /* Build configuration list for PBXNativeTarget "SPPlatform" */ = {
			isa = XCConfigurationList;
			buildConfigurations = (
				984A80F11E89020D001AA76C /* Debug */,
				984A80F21E89020D001AA76C /* Release */,
			);
			defaultConfigurationIsVisible = 0;
			defaultConfigurationName = Release;
		};
/* End XCConfigurationList section */
	};
	rootObject = 984A80D61E89020D001AA76C /* Project object */;
}
